
Microsoft Visual Studio Solution File, Format Version 12.00
# Visual Studio Version 16
VisualStudioVersion = 16.0.30517.126
MinimumVisualStudioVersion = 10.0.40219.1
Project("{8BC9CEB8-8B4A-11D0-8D11-00A0C91BC942}") = "sm4_string", "sm4_string.vcxproj", "{8F9F4D5A-AB1A-4ACF-AB23-273479226C4F}"
EndProject
Global
	GlobalSection(SolutionConfigurationPlatforms) = preSolution
		Debug|x64 = Debug|x64
		Debug|x86 = Debug|x86
		Release|x64 = Release|x64
		Release|x86 = Release|x86
	EndGlobalSection
	GlobalSection(ProjectConfigurationPlatforms) = postSolution
		{8F9F4D5A-AB1A-4ACF-AB23-273479226C4F}.Debug|x64.ActiveCfg = Debug|x64
		{8F9F4D5A-AB1A-4ACF-AB23-273479226C4F}.Debug|x64.Build.0 = Debug|x64
		{8F9F4D5A-AB1A-4ACF-AB23-273479226C4F}.Debug|x86.ActiveCfg = Debug|Win32
		{8F9F4D5A-AB1A-4ACF-AB23-273479226C4F}.Debug|x86.Build.0 = Debug|Win32
		{8F9F4D5A-AB1A-4ACF-AB23-273479226C4F}.Release|x64.ActiveCfg = Release|x64
		{8F9F4D5A-AB1A-4ACF-AB23-273479226C4F}.Release|x64.Build.0 = Release|x64
		{8F9F4D5A-AB1A-4ACF-AB23-273479226C4F}.Release|x86.ActiveCfg = Release|Win32
		{8F9F4D5A-AB1A-4ACF-AB23-273479226C4F}.Release|x86.Build.0 = Release|Win32
	EndGlobalSection
	GlobalSection(SolutionProperties) = preSolution
		HideSolutionNode = FALSE
	EndGlobalSection
	GlobalSection(ExtensibilityGlobals) = postSolution
		SolutionGuid = {337965FC-87AB-4823-AAAE-122B7A50FE23}
	EndGlobalSection
EndGlobal
